
Microsoft Visual Studio Solution File, Format Version 12.00
# Visual Studio Version 16
VisualStudioVersion = 16.0.30804.86
MinimumVisualStudioVersion = 10.0.40219.1
Project("{FAE04EC0-301F-11D3-BF4B-00C04F79EFBC}") = "SeaBattleGame", "SeaBattleGame\SeaBattleGame.csproj", "{5858E07C-0765-4EE6-9979-18D93017295E}"
EndProject
Project("{FAE04EC0-301F-11D3-BF4B-00C04F79EFBC}") = "SeaBattleLib", "SeaBattleLib\SeaBattleLib.csproj", "{015C9CAB-4214-409D-9FE1-403389BE6C68}"
EndProject
Global
	GlobalSection(SolutionConfigurationPlatforms) = preSolution
		Debug|Any CPU = Debug|Any CPU
		Release|Any CPU = Release|Any CPU
	EndGlobalSection
	GlobalSection(ProjectConfigurationPlatforms) = postSolution
		{5858E07C-0765-4EE6-9979-18D93017295E}.Debug|Any CPU.ActiveCfg = Debug|Any CPU
		{5858E07C-0765-4EE6-9979-18D93017295E}.Debug|Any CPU.Build.0 = Debug|Any CPU
		{5858E07C-0765-4EE6-9979-18D93017295E}.Release|Any CPU.ActiveCfg = Release|Any CPU
		{5858E07C-0765-4EE6-9979-18D93017295E}.Release|Any CPU.Build.0 = Release|Any CPU
		{015C9CAB-4214-409D-9FE1-403389BE6C68}.Debug|Any CPU.ActiveCfg = Debug|Any CPU
		{015C9CAB-4214-409D-9FE1-403389BE6C68}.Debug|Any CPU.Build.0 = Debug|Any CPU
		{015C9CAB-4214-409D-9FE1-403389BE6C68}.Release|Any CPU.ActiveCfg = Release|Any CPU
		{015C9CAB-4214-409D-9FE1-403389BE6C68}.Release|Any CPU.Build.0 = Release|Any CPU
	EndGlobalSection
	GlobalSection(SolutionProperties) = preSolution
		HideSolutionNode = FALSE
	EndGlobalSection
	GlobalSection(ExtensibilityGlobals) = postSolution
		SolutionGuid = {09B4FC89-467A-4901-95E7-62BB63462FC1}
	EndGlobalSection
EndGlobal
